
Microsoft Visual Studio Solution File, Format Version 12.00
# Visual Studio Version 17
VisualStudioVersion = 17.7.34024.191
MinimumVisualStudioVersion = 10.0.40219.1
Project("{FAE04EC0-301F-11D3-BF4B-00C04F79EFBC}") = "Radzio#3 - plik", "Radzio#3 - plik.csproj", "{40E72FA3-01A7-4417-BF0D-68C8D4FD429C}"
EndProject
Global
	GlobalSection(SolutionConfigurationPlatforms) = preSolution
		Debug|Any CPU = Debug|Any CPU
		Release|Any CPU = Release|Any CPU
	EndGlobalSection
	GlobalSection(ProjectConfigurationPlatforms) = postSolution
		{40E72FA3-01A7-4417-BF0D-68C8D4FD429C}.Debug|Any CPU.ActiveCfg = Debug|Any CPU
		{40E72FA3-01A7-4417-BF0D-68C8D4FD429C}.Debug|Any CPU.Build.0 = Debug|Any CPU
		{40E72FA3-01A7-4417-BF0D-68C8D4FD429C}.Release|Any CPU.ActiveCfg = Release|Any CPU
		{40E72FA3-01A7-4417-BF0D-68C8D4FD429C}.Release|Any CPU.Build.0 = Release|Any CPU
	EndGlobalSection
	GlobalSection(SolutionProperties) = preSolution
		HideSolutionNode = FALSE
	EndGlobalSection
	GlobalSection(ExtensibilityGlobals) = postSolution
		SolutionGuid = {9198CE01-20A5-47D8-9ADC-9F13E0A1DC74}
	EndGlobalSection
EndGlobal
